{
  "name": "@nycopportunity/pattern-menu",
  "version": "1.0.1",
  "lockfileVersion": 2,
  "requires": true,
  "packages": {
    "": {
      "name": "@nycopportunity/pattern-menu",
      "version": "1.0.1",
      "license": "GPL-3.0+",
      "dependencies": {
        "@nycopportunity/pttrn-scripts": "^1.0.4"
      }
    },
    "node_modules/@nycopportunity/pttrn-scripts": {
      "version": "1.0.5",
      "resolved": "https://registry.npmjs.org/@nycopportunity/pttrn-scripts/-/pttrn-scripts-1.0.5.tgz",
      "integrity": "sha512-20JbScPeblF1nhXsSJcyOFlPcoFRd17gbGaeKyZTgaPkIhnF7G6Nov3uLu3V/RcRMT0NrGr1fIgyJ52Kgw992w==",
      "dependencies": {
        "for-cerial": "^1.0.0"
      }
    },
    "node_modules/for-cerial": {
      "version": "1.0.0",
      "resolved": "https://registry.npmjs.org/for-cerial/-/for-cerial-1.0.0.tgz",
      "integrity": "sha512-ZoY0ydL/W36m/sDIF9WkcZ5QrUBMwdoVpHfGiCzdQtS4BZnUUX0ucjTymI7YJnWEIYCNsTBuLW29RYL8E7qqgg=="
    }
  },
  "dependencies": {
    "@nycopportunity/pttrn-scripts": {
      "version": "1.0.5",
      "resolved": "https://registry.npmjs.org/@nycopportunity/pttrn-scripts/-/pttrn-scripts-1.0.5.tgz",
      "integrity": "sha512-20JbScPeblF1nhXsSJcyOFlPcoFRd17gbGaeKyZTgaPkIhnF7G6Nov3uLu3V/RcRMT0NrGr1fIgyJ52Kgw992w==",
      "requires": {
        "for-cerial": "^1.0.0"
      }
    },
    "for-cerial": {
      "version": "1.0.0",
      "resolved": "https://registry.npmjs.org/for-cerial/-/for-cerial-1.0.0.tgz",
      "integrity": "sha512-ZoY0ydL/W36m/sDIF9WkcZ5QrUBMwdoVpHfGiCzdQtS4BZnUUX0ucjTymI7YJnWEIYCNsTBuLW29RYL8E7qqgg=="
    }
  }
}
